{
  "name": "animation",
  "version": "1.0.0",
  "lockfileVersion": 3,
  "requires": true,
  "packages": {
    "": {
      "name": "animation",
      "version": "1.0.0",
      "license": "ISC",
      "dependencies": {
        "@chriscourses/perlin-noise": "^1.0.6"
      },
      "devDependencies": {
        "lil-gui": "^0.19.2"
      }
    },
    "node_modules/@chriscourses/perlin-noise": {
      "version": "1.0.6",
      "resolved": "https://registry.npmjs.org/@chriscourses/perlin-noise/-/perlin-noise-1.0.6.tgz",
      "integrity": "sha512-q9CgS+02HU8x7PZmKLvB/m3OfcgA5Z93NSKuH1bcWL44u883u5qmMpVVG47GfF667mAhejHVT2jzMleeAUMMPw==",
      "license": "MIT"
    },
    "node_modules/lil-gui": {
      "version": "0.19.2",
      "resolved": "https://registry.npmjs.org/lil-gui/-/lil-gui-0.19.2.tgz",
      "integrity": "sha512-nU8j4ND702ouGfQZoaTN4dfXxacvGOAVK0DtmZBVcUYUAeYQXLQAjAN50igMHiba3T5jZyKEjXZU+Ntm1Qs6ZQ==",
      "dev": true,
      "license": "MIT"
    }
  }
}
