# THIS IS AN AUTOGENERATED FILE. DO NOT EDIT THIS FILE DIRECTLY.
# yarn lockfile v1


"@chriscourses/perlin-noise@^1.0.6":
  version "1.0.6"
  resolved "https://registry.yarnpkg.com/@chriscourses/perlin-noise/-/perlin-noise-1.0.6.tgz#3e3398d643c14f83beac68671b82411eaca6052d"
  integrity sha512-q9CgS+02HU8x7PZmKLvB/m3OfcgA5Z93NSKuH1bcWL44u883u5qmMpVVG47GfF667mAhejHVT2jzMleeAUMMPw==

lil-gui@^0.19.2:
  version "0.19.2"
  resolved "https://registry.yarnpkg.com/lil-gui/-/lil-gui-0.19.2.tgz#774bf46f1f43ec5fec00884af46b8060786f97fc"
  integrity sha512-nU8j4ND702ouGfQZoaTN4dfXxacvGOAVK0DtmZBVcUYUAeYQXLQAjAN50igMHiba3T5jZyKEjXZU+Ntm1Qs6ZQ==
